
Microsoft Visual Studio Solution File, Format Version 12.00
# Visual Studio Version 16
VisualStudioVersion = 16.0.30621.155
MinimumVisualStudioVersion = 10.0.40219.1
Project("{FAE04EC0-301F-11D3-BF4B-00C04F79EFBC}") = "lab08task03", "lab08task03\lab08task03.csproj", "{95C966BF-3B0E-4EDA-BBA0-715591526BDD}"
EndProject
Global
	GlobalSection(SolutionConfigurationPlatforms) = preSolution
		Debug|Any CPU = Debug|Any CPU
		Release|Any CPU = Release|Any CPU
	EndGlobalSection
	GlobalSection(ProjectConfigurationPlatforms) = postSolution
		{95C966BF-3B0E-4EDA-BBA0-715591526BDD}.Debug|Any CPU.ActiveCfg = Debug|Any CPU
		{95C966BF-3B0E-4EDA-BBA0-715591526BDD}.Debug|Any CPU.Build.0 = Debug|Any CPU
		{95C966BF-3B0E-4EDA-BBA0-715591526BDD}.Release|Any CPU.ActiveCfg = Release|Any CPU
		{95C966BF-3B0E-4EDA-BBA0-715591526BDD}.Release|Any CPU.Build.0 = Release|Any CPU
	EndGlobalSection
	GlobalSection(SolutionProperties) = preSolution
		HideSolutionNode = FALSE
	EndGlobalSection
	GlobalSection(ExtensibilityGlobals) = postSolution
		SolutionGuid = {F2674F4C-1F03-4836-8BFC-69A02054A52F}
	EndGlobalSection
EndGlobal
