
Microsoft Visual Studio Solution File, Format Version 12.00
# Visual Studio Version 16
VisualStudioVersion = 16.0.30621.155
MinimumVisualStudioVersion = 10.0.40219.1
Project("{FAE04EC0-301F-11D3-BF4B-00C04F79EFBC}") = "labtask7", "labtask7\labtask7.csproj", "{F60859CC-8C67-4E1E-9154-E849F8450261}"
EndProject
Global
	GlobalSection(SolutionConfigurationPlatforms) = preSolution
		Debug|Any CPU = Debug|Any CPU
		Release|Any CPU = Release|Any CPU
	EndGlobalSection
	GlobalSection(ProjectConfigurationPlatforms) = postSolution
		{F60859CC-8C67-4E1E-9154-E849F8450261}.Debug|Any CPU.ActiveCfg = Debug|Any CPU
		{F60859CC-8C67-4E1E-9154-E849F8450261}.Debug|Any CPU.Build.0 = Debug|Any CPU
		{F60859CC-8C67-4E1E-9154-E849F8450261}.Release|Any CPU.ActiveCfg = Release|Any CPU
		{F60859CC-8C67-4E1E-9154-E849F8450261}.Release|Any CPU.Build.0 = Release|Any CPU
	EndGlobalSection
	GlobalSection(SolutionProperties) = preSolution
		HideSolutionNode = FALSE
	EndGlobalSection
	GlobalSection(ExtensibilityGlobals) = postSolution
		SolutionGuid = {F46285A9-0605-4298-A7B8-122F863BCC56}
	EndGlobalSection
EndGlobal
