
Microsoft Visual Studio Solution File, Format Version 12.00
# Visual Studio Version 16
VisualStudioVersion = 16.0.30621.155
MinimumVisualStudioVersion = 10.0.40219.1
Project("{FAE04EC0-301F-11D3-BF4B-00C04F79EFBC}") = "labtask08", "labtask08\labtask08.csproj", "{4DE7D82F-893E-4234-9BD5-AC7C3CF07226}"
EndProject
Global
	GlobalSection(SolutionConfigurationPlatforms) = preSolution
		Debug|Any CPU = Debug|Any CPU
		Release|Any CPU = Release|Any CPU
	EndGlobalSection
	GlobalSection(ProjectConfigurationPlatforms) = postSolution
		{4DE7D82F-893E-4234-9BD5-AC7C3CF07226}.Debug|Any CPU.ActiveCfg = Debug|Any CPU
		{4DE7D82F-893E-4234-9BD5-AC7C3CF07226}.Debug|Any CPU.Build.0 = Debug|Any CPU
		{4DE7D82F-893E-4234-9BD5-AC7C3CF07226}.Release|Any CPU.ActiveCfg = Release|Any CPU
		{4DE7D82F-893E-4234-9BD5-AC7C3CF07226}.Release|Any CPU.Build.0 = Release|Any CPU
	EndGlobalSection
	GlobalSection(SolutionProperties) = preSolution
		HideSolutionNode = FALSE
	EndGlobalSection
	GlobalSection(ExtensibilityGlobals) = postSolution
		SolutionGuid = {F77811F5-29AB-4482-AA5A-D3F68AE52698}
	EndGlobalSection
EndGlobal
