
Microsoft Visual Studio Solution File, Format Version 12.00
# Visual Studio Version 16
VisualStudioVersion = 16.0.30611.23
MinimumVisualStudioVersion = 10.0.40219.1
Project("{FAE04EC0-301F-11D3-BF4B-00C04F79EFBC}") = "labtask01", "labtask01\labtask01.csproj", "{564313F3-A351-4080-B1A3-AA196A8B9890}"
EndProject
Global
	GlobalSection(SolutionConfigurationPlatforms) = preSolution
		Debug|Any CPU = Debug|Any CPU
		Release|Any CPU = Release|Any CPU
	EndGlobalSection
	GlobalSection(ProjectConfigurationPlatforms) = postSolution
		{564313F3-A351-4080-B1A3-AA196A8B9890}.Debug|Any CPU.ActiveCfg = Debug|Any CPU
		{564313F3-A351-4080-B1A3-AA196A8B9890}.Debug|Any CPU.Build.0 = Debug|Any CPU
		{564313F3-A351-4080-B1A3-AA196A8B9890}.Release|Any CPU.ActiveCfg = Release|Any CPU
		{564313F3-A351-4080-B1A3-AA196A8B9890}.Release|Any CPU.Build.0 = Release|Any CPU
	EndGlobalSection
	GlobalSection(SolutionProperties) = preSolution
		HideSolutionNode = FALSE
	EndGlobalSection
	GlobalSection(ExtensibilityGlobals) = postSolution
		SolutionGuid = {DDD7CD74-562A-470F-AEE7-5F2962AFEC00}
	EndGlobalSection
EndGlobal
